
Microsoft Visual Studio Solution File, Format Version 12.00
# Visual Studio 15
VisualStudioVersion = 15.0.28010.2026
MinimumVisualStudioVersion = 10.0.40219.1
Project("{FAE04EC0-301F-11D3-BF4B-00C04F79EFBC}") = "ConsoleApp1", "ConsoleApp1\ConsoleApp1.csproj", "{49DD6BF8-78C1-4C08-AD98-892FFD606B48}"
EndProject
Global
	GlobalSection(SolutionConfigurationPlatforms) = preSolution
		Debug|Any CPU = Debug|Any CPU
		Release|Any CPU = Release|Any CPU
	EndGlobalSection
	GlobalSection(ProjectConfigurationPlatforms) = postSolution
		{49DD6BF8-78C1-4C08-AD98-892FFD606B48}.Debug|Any CPU.ActiveCfg = Debug|Any CPU
		{49DD6BF8-78C1-4C08-AD98-892FFD606B48}.Debug|Any CPU.Build.0 = Debug|Any CPU
		{49DD6BF8-78C1-4C08-AD98-892FFD606B48}.Release|Any CPU.ActiveCfg = Release|Any CPU
		{49DD6BF8-78C1-4C08-AD98-892FFD606B48}.Release|Any CPU.Build.0 = Release|Any CPU
	EndGlobalSection
	GlobalSection(SolutionProperties) = preSolution
		HideSolutionNode = FALSE
	EndGlobalSection
	GlobalSection(ExtensibilityGlobals) = postSolution
		SolutionGuid = {B3C10779-661A-4AF3-9840-EEC20DD3CAD9}
	EndGlobalSection
EndGlobal
